{
  "version": 4,
  "terraform_version": "1.12.1",
  "serial": 1,
  "lineage": "696b6d72-dde0-dbb1-6c18-ef5aef537fe8",
  "outputs": {},
  "resources": [
    {
      "mode": "managed",
      "type": "proxmox_lxc",
      "name": "docker_container",
      "provider": "provider[\"registry.terraform.io/telmate/proxmox\"]",
      "instances": [
        {
          "schema_version": 0,
          "attributes": {
            "arch": "amd64",
            "bwlimit": 0,
            "clone": null,
            "clone_storage": null,
            "cmode": "tty",
            "console": true,
            "cores": 2,
            "cpulimit": 0,
            "cpuunits": 1024,
            "description": "",
            "features": [],
            "force": false,
            "full": null,
            "hagroup": "",
            "hastate": "",
            "hookscript": "",
            "hostname": "comidarapida",
            "id": "pve/lxc/404",
            "ignore_unpack_errors": false,
            "lock": "",
            "memory": 1024,
            "mountpoint": [],
            "nameserver": "10.10.0.1",
            "network": [
              {
                "bridge": "vmbr0",
                "firewall": false,
                "gw": "10.10.0.1",
                "gw6": "",
                "hwaddr": "BC:24:11:C7:FE:0B",
                "ip": "10.10.0.60/24",
                "ip6": "",
                "mtu": 0,
                "name": "eth0",
                "rate": 0,
                "tag": 0,
                "trunks": "",
                "type": "veth"
              }
            ],
            "onboot": true,
            "ostemplate": "local:vztmpl/ct_misamisa15.tar.zst",
            "ostype": "ubuntu",
            "password": "misaely2003",
            "pool": null,
            "protection": false,
            "restore": false,
            "rootfs": [
              {
                "acl": false,
                "quota": false,
                "replicate": false,
                "ro": false,
                "shared": false,
                "size": "20G",
                "storage": "local-lvm",
                "volume": "local-lvm:vm-404-disk-0"
              }
            ],
            "searchdomain": "",
            "ssh_public_keys": null,
            "start": true,
            "startup": "",
            "swap": 1024,
            "tags": "docker",
            "target_node": "pve",
            "template": false,
            "timeouts": null,
            "tty": 2,
            "unique": false,
            "unprivileged": false,
            "unused": [],
            "vmid": 404
          },
          "sensitive_attributes": [
            [
              {
                "type": "get_attr",
                "value": "password"
              }
            ]
          ],
          "identity_schema_version": 0,
          "private": "eyJlMmJmYjczMC1lY2FhLTExZTYtOGY4OC0zNDM2M2JjN2M0YzAiOnsiY3JlYXRlIjoxMjAwMDAwMDAwMDAwLCJkZWZhdWx0IjoxMjAwMDAwMDAwMDAwLCJkZWxldGUiOjEyMDAwMDAwMDAwMDAsInJlYWQiOjEyMDAwMDAwMDAwMDAsInVwZGF0ZSI6MTIwMDAwMDAwMDAwMH19"
        }
      ]
    }
  ],
  "check_results": null
}
